
Microsoft Visual Studio Solution File, Format Version 12.00
# Visual Studio Version 17
VisualStudioVersion = 17.11.35208.52
MinimumVisualStudioVersion = 10.0.40219.1
Project("{9A19103F-16F7-4668-BE54-9A1E7A4F7556}") = "DDDProject.API", "DDDProject.API\DDDProject.API.csproj", "{466BC088-52DF-4AE9-9AFF-D6AFB9388F13}"
EndProject
Project("{9A19103F-16F7-4668-BE54-9A1E7A4F7556}") = "DDDProject.Application", "DDDProject.Application\DDDProject.Application.csproj", "{A4625171-6519-4E5E-B36C-22DDDE177B77}"
EndProject
Project("{9A19103F-16F7-4668-BE54-9A1E7A4F7556}") = "DDDProject.Domain", "DDDProject.Domain\DDDProject.Domain.csproj", "{C67315B1-700C-450F-ACB6-35694E45DEC2}"
EndProject
Project("{9A19103F-16F7-4668-BE54-9A1E7A4F7556}") = "DDDProject.Infrastructure", "DDDProject.Infrastructure\DDDProject.Infrastructure.csproj", "{E6D2BA21-AF5E-48DE-B72B-0F74A041AB93}"
EndProject
Global
	GlobalSection(SolutionConfigurationPlatforms) = preSolution
		Debug|Any CPU = Debug|Any CPU
		Release|Any CPU = Release|Any CPU
	EndGlobalSection
	GlobalSection(ProjectConfigurationPlatforms) = postSolution
		{466BC088-52DF-4AE9-9AFF-D6AFB9388F13}.Debug|Any CPU.ActiveCfg = Debug|Any CPU
		{466BC088-52DF-4AE9-9AFF-D6AFB9388F13}.Debug|Any CPU.Build.0 = Debug|Any CPU
		{466BC088-52DF-4AE9-9AFF-D6AFB9388F13}.Release|Any CPU.ActiveCfg = Release|Any CPU
		{466BC088-52DF-4AE9-9AFF-D6AFB9388F13}.Release|Any CPU.Build.0 = Release|Any CPU
		{A4625171-6519-4E5E-B36C-22DDDE177B77}.Debug|Any CPU.ActiveCfg = Debug|Any CPU
		{A4625171-6519-4E5E-B36C-22DDDE177B77}.Debug|Any CPU.Build.0 = Debug|Any CPU
		{A4625171-6519-4E5E-B36C-22DDDE177B77}.Release|Any CPU.ActiveCfg = Release|Any CPU
		{A4625171-6519-4E5E-B36C-22DDDE177B77}.Release|Any CPU.Build.0 = Release|Any CPU
		{C67315B1-700C-450F-ACB6-35694E45DEC2}.Debug|Any CPU.ActiveCfg = Debug|Any CPU
		{C67315B1-700C-450F-ACB6-35694E45DEC2}.Debug|Any CPU.Build.0 = Debug|Any CPU
		{C67315B1-700C-450F-ACB6-35694E45DEC2}.Release|Any CPU.ActiveCfg = Release|Any CPU
		{C67315B1-700C-450F-ACB6-35694E45DEC2}.Release|Any CPU.Build.0 = Release|Any CPU
		{E6D2BA21-AF5E-48DE-B72B-0F74A041AB93}.Debug|Any CPU.ActiveCfg = Debug|Any CPU
		{E6D2BA21-AF5E-48DE-B72B-0F74A041AB93}.Debug|Any CPU.Build.0 = Debug|Any CPU
		{E6D2BA21-AF5E-48DE-B72B-0F74A041AB93}.Release|Any CPU.ActiveCfg = Release|Any CPU
		{E6D2BA21-AF5E-48DE-B72B-0F74A041AB93}.Release|Any CPU.Build.0 = Release|Any CPU
	EndGlobalSection
	GlobalSection(SolutionProperties) = preSolution
		HideSolutionNode = FALSE
	EndGlobalSection
	GlobalSection(ExtensibilityGlobals) = postSolution
		SolutionGuid = {5BA0EE20-C0AB-4DFB-8DAC-F0A187E144DD}
	EndGlobalSection
EndGlobal
